
Microsoft Visual Studio Solution File, Format Version 12.00
# Visual Studio Version 17
VisualStudioVersion = 17.9.34723.18
MinimumVisualStudioVersion = 10.0.40219.1
Project("{FAE04EC0-301F-11D3-BF4B-00C04F79EFBC}") = "Currency Converter", "Currency Converter\Currency Converter.csproj", "{C7498438-8233-481A-B38A-467D05EEF0F4}"
EndProject
Global
	GlobalSection(SolutionConfigurationPlatforms) = preSolution
		Debug|Any CPU = Debug|Any CPU
		Release|Any CPU = Release|Any CPU
	EndGlobalSection
	GlobalSection(ProjectConfigurationPlatforms) = postSolution
		{C7498438-8233-481A-B38A-467D05EEF0F4}.Debug|Any CPU.ActiveCfg = Debug|Any CPU
		{C7498438-8233-481A-B38A-467D05EEF0F4}.Debug|Any CPU.Build.0 = Debug|Any CPU
		{C7498438-8233-481A-B38A-467D05EEF0F4}.Release|Any CPU.ActiveCfg = Release|Any CPU
		{C7498438-8233-481A-B38A-467D05EEF0F4}.Release|Any CPU.Build.0 = Release|Any CPU
	EndGlobalSection
	GlobalSection(SolutionProperties) = preSolution
		HideSolutionNode = FALSE
	EndGlobalSection
	GlobalSection(ExtensibilityGlobals) = postSolution
		SolutionGuid = {41D3351E-CB9E-4B85-A470-06007CFE44AF}
	EndGlobalSection
EndGlobal
